{
  "version": 4,
  "terraform_version": "1.4.6",
  "serial": 848,
  "lineage": "9cfd63c0-607b-1f70-5aed-d73132396e63",
  "outputs": {
    "alb_dns_name": {
      "value": "v2-api-prod-alb-1730477323.us-east-1.elb.amazonaws.com",
      "type": "string"
    },
    "ecs_cluster_name": {
      "value": "v2-api-prod",
      "type": "string"
    },
    "ecs_service_name": {
      "value": "v2-api-prod-app",
      "type": "string"
    },
    "security_group_ids": {
      "value": "sg-0ffab5518418ae36b",
      "type": "string"
    },
    "subnet_ids": {
      "value": [
        "subnet-050fd35f40337b6fa",
        "subnet-0e6e371a57670ba62"
      ],
      "type": [
        "tuple",
        [
          "string",
          "string"
        ]
      ]
    }
  },
  "resources": [
    {
      "mode": "data",
      "type": "aws_ecr_repository",
      "name": "v2_api",
      "provider": "provider[\"registry.terraform.io/hashicorp/aws\"]",
      "instances": [
        {
          "schema_version": 0,
          "attributes": {
            "arn": "arn:aws:ecr:us-east-1:729763663166:repository/v2-api",
            "encryption_configuration": [
              {
                "encryption_type": "AES256",
                "kms_key": ""
              }
            ],
            "id": "v2-api",
            "image_scanning_configuration": [
              {
                "scan_on_push": false
              }
            ],
            "image_tag_mutability": "MUTABLE",
            "most_recent_image_tags": [
              "latest",
              "ce25a980943d8296ff20e67d3bf51deccab1f214"
            ],
            "name": "v2-api",
            "registry_id": "729763663166",
            "repository_url": "729763663166.dkr.ecr.us-east-1.amazonaws.com/v2-api",
            "tags": {}
          },
          "sensitive_attributes": []
        }
      ]
    },
    {
      "mode": "data",
      "type": "aws_route53_zone",
      "name": "dodao",
      "provider": "provider[\"registry.terraform.io/hashicorp/aws\"]",
      "instances": [
        {
          "schema_version": 0,
          "attributes": {
            "arn": "arn:aws:route53:::hostedzone/Z10350102V7MAUWYWINFH",
            "caller_reference": "81a9f686-7f17-4f82-b50a-55de9270792b",
            "comment": "",
            "id": "Z10350102V7MAUWYWINFH",
            "linked_service_description": null,
            "linked_service_principal": null,
            "name": "dodao.io",
            "name_servers": [
              "ns-59.awsdns-07.com",
              "ns-1470.awsdns-55.org",
              "ns-611.awsdns-12.net",
              "ns-1585.awsdns-06.co.uk"
            ],
            "primary_name_server": "ns-59.awsdns-07.com",
            "private_zone": false,
            "resource_record_set_count": 16,
            "tags": {},
            "vpc_id": null,
            "zone_id": "Z10350102V7MAUWYWINFH"
          },
          "sensitive_attributes": []
        }
      ]
    },
    {
      "mode": "managed",
      "type": "aws_acm_certificate",
      "name": "cert",
      "provider": "provider[\"registry.terraform.io/hashicorp/aws\"]",
      "instances": [
        {
          "schema_version": 0,
          "attributes": {
            "arn": "arn:aws:acm:us-east-1:729763663166:certificate/6671a567-d494-46e7-91c3-598e941d2855",
            "certificate_authority_arn": "",
            "certificate_body": null,
            "certificate_chain": null,
            "domain_name": "v2-api.dodao.io",
            "domain_validation_options": [
              {
                "domain_name": "v2-api.dodao.io",
                "resource_record_name": "_c19507ab9a65149ef72417b7b6be8c85.v2-api.dodao.io.",
                "resource_record_type": "CNAME",
                "resource_record_value": "_26f9e4918d3955f88aff4b37392c3acb.wmqxbylrnj.acm-validations.aws."
              }
            ],
            "early_renewal_duration": "",
            "id": "arn:aws:acm:us-east-1:729763663166:certificate/6671a567-d494-46e7-91c3-598e941d2855",
            "key_algorithm": "RSA_2048",
            "not_after": "2024-06-06T23:59:59Z",
            "not_before": "2023-05-09T00:00:00Z",
            "options": [
              {
                "certificate_transparency_logging_preference": "ENABLED"
              }
            ],
            "pending_renewal": false,
            "private_key": null,
            "renewal_eligibility": "ELIGIBLE",
            "renewal_summary": [],
            "status": "ISSUED",
            "subject_alternative_names": [
              "v2-api.dodao.io"
            ],
            "tags": {
              "Environment": "prod",
              "Project": "v2-api"
            },
            "tags_all": {
              "Environment": "prod",
              "Project": "v2-api"
            },
            "type": "AMAZON_ISSUED",
            "validation_emails": [],
            "validation_method": "DNS",
            "validation_option": []
          },
          "sensitive_attributes": [],
          "private": "bnVsbA=="
        }
      ]
    },
    {
      "mode": "managed",
      "type": "aws_acm_certificate_validation",
      "name": "cert_validation",
      "provider": "provider[\"registry.terraform.io/hashicorp/aws\"]",
      "instances": [
        {
          "schema_version": 0,
          "attributes": {
            "certificate_arn": "arn:aws:acm:us-east-1:729763663166:certificate/6671a567-d494-46e7-91c3-598e941d2855",
            "id": "0001-01-01 00:00:00 +0000 UTC",
            "timeouts": null,
            "validation_record_fqdns": [
              "_c19507ab9a65149ef72417b7b6be8c85.v2-api.dodao.io."
            ]
          },
          "sensitive_attributes": [],
          "private": "eyJlMmJmYjczMC1lY2FhLTExZTYtOGY4OC0zNDM2M2JjN2M0YzAiOnsiY3JlYXRlIjo0NTAwMDAwMDAwMDAwfX0=",
          "dependencies": [
            "aws_acm_certificate.cert"
          ]
        }
      ]
    },
    {
      "mode": "managed",
      "type": "aws_ecr_repository",
      "name": "main",
      "provider": "provider[\"registry.terraform.io/hashicorp/aws\"]",
      "instances": [
        {
          "schema_version": 0,
          "attributes": {
            "arn": "arn:aws:ecr:us-east-1:729763663166:repository/v2-api-prod",
            "encryption_configuration": [
              {
                "encryption_type": "AES256",
                "kms_key": ""
              }
            ],
            "force_delete": null,
            "id": "v2-api-prod",
            "image_scanning_configuration": [
              {
                "scan_on_push": false
              }
            ],
            "image_tag_mutability": "MUTABLE",
            "name": "v2-api-prod",
            "registry_id": "729763663166",
            "repository_url": "729763663166.dkr.ecr.us-east-1.amazonaws.com/v2-api-prod",
            "tags": {},
            "tags_all": {},
            "timeouts": null
          },
          "sensitive_attributes": [],
          "private": "eyJlMmJmYjczMC1lY2FhLTExZTYtOGY4OC0zNDM2M2JjN2M0YzAiOnsiZGVsZXRlIjoxMjAwMDAwMDAwMDAwfX0="
        }
      ]
    },
    {
      "mode": "managed",
      "type": "aws_efs_access_point",
      "name": "efs_access_point",
      "provider": "provider[\"registry.terraform.io/hashicorp/aws\"]",
      "instances": [
        {
          "schema_version": 0,
          "attributes": {
            "arn": "arn:aws:elasticfilesystem:us-east-1:729763663166:access-point/fsap-0cc0a2b096bf314e1",
            "file_system_arn": "arn:aws:elasticfilesystem:us-east-1:729763663166:file-system/fs-0f7728f47cbd5e246",
            "file_system_id": "fs-0f7728f47cbd5e246",
            "id": "fsap-0cc0a2b096bf314e1",
            "owner_id": "729763663166",
            "posix_user": [
              {
                "gid": 1000,
                "secondary_gids": [],
                "uid": 1000
              }
            ],
            "root_directory": [
              {
                "creation_info": [
                  {
                    "owner_gid": 1000,
                    "owner_uid": 1000,
                    "permissions": "755"
                  }
                ],
                "path": "/your_mount_path"
              }
            ],
            "tags": {},
            "tags_all": {}
          },
          "sensitive_attributes": [],
          "private": "bnVsbA==",
          "dependencies": [
            "module.efs.aws_efs_file_system.efs"
          ]
        }
      ]
    },
    {
      "mode": "managed",
      "type": "aws_route53_record",
      "name": "alias",
      "provider": "provider[\"registry.terraform.io/hashicorp/aws\"]",
      "instances": [
        {
          "schema_version": 2,
          "attributes": {
            "alias": [
              {
                "evaluate_target_health": false,
                "name": "v2-api-prod-alb-1730477323.us-east-1.elb.amazonaws.com",
                "zone_id": "Z35SXDOTRQ7X7K"
              }
            ],
            "allow_overwrite": null,
            "cidr_routing_policy": [],
            "failover_routing_policy": [],
            "fqdn": "v2-api.dodao.io",
            "geolocation_routing_policy": [],
            "health_check_id": "",
            "id": "Z10350102V7MAUWYWINFH_v2-api.dodao.io_A",
            "latency_routing_policy": [],
            "multivalue_answer_routing_policy": false,
            "name": "v2-api.dodao.io",
            "records": [],
            "set_identifier": "",
            "ttl": 0,
            "type": "A",
            "weighted_routing_policy": [],
            "zone_id": "Z10350102V7MAUWYWINFH"
          },
          "sensitive_attributes": [],
          "private": "eyJzY2hlbWFfdmVyc2lvbiI6IjIifQ==",
          "dependencies": [
            "data.aws_route53_zone.dodao",
            "module.load_balancer.aws_lb.alb",
            "module.networking.aws_security_group.ecs_tasks",
            "module.networking.aws_subnet.public_a",
            "module.networking.aws_subnet.public_b",
            "module.networking.aws_vpc.main"
          ]
        }
      ]
    },
    {
      "module": "module.ecs",
      "mode": "managed",
      "type": "aws_cloudwatch_log_group",
      "name": "app_logs",
      "provider": "provider[\"registry.terraform.io/hashicorp/aws\"]",
      "instances": [
        {
          "schema_version": 0,
          "attributes": {
            "arn": "arn:aws:logs:us-east-1:729763663166:log-group:v2-api-prod-app-logs",
            "id": "v2-api-prod-app-logs",
            "kms_key_id": "",
            "name": "v2-api-prod-app-logs",
            "name_prefix": "",
            "retention_in_days": 30,
            "skip_destroy": false,
            "tags": {},
            "tags_all": {}
          },
          "sensitive_attributes": [],
          "private": "bnVsbA=="
        }
      ]
    },
    {
      "module": "module.ecs",
      "mode": "managed",
      "type": "aws_ecs_cluster",
      "name": "main",
      "provider": "provider[\"registry.terraform.io/hashicorp/aws\"]",
      "instances": [
        {
          "schema_version": 0,
          "attributes": {
            "arn": "arn:aws:ecs:us-east-1:729763663166:cluster/v2-api-prod",
            "capacity_providers": [],
            "configuration": [],
            "default_capacity_provider_strategy": [],
            "id": "arn:aws:ecs:us-east-1:729763663166:cluster/v2-api-prod",
            "name": "v2-api-prod",
            "service_connect_defaults": [],
            "setting": [
              {
                "name": "containerInsights",
                "value": "disabled"
              }
            ],
            "tags": {},
            "tags_all": {}
          },
          "sensitive_attributes": [],
          "private": "bnVsbA=="
        }
      ]
    },
    {
      "module": "module.ecs",
      "mode": "managed",
      "type": "aws_ecs_service",
      "name": "main",
      "provider": "provider[\"registry.terraform.io/hashicorp/aws\"]",
      "instances": [
        {
          "schema_version": 0,
          "attributes": {
            "alarms": [],
            "capacity_provider_strategy": [],
            "cluster": "arn:aws:ecs:us-east-1:729763663166:cluster/v2-api-prod",
            "deployment_circuit_breaker": [
              {
                "enable": false,
                "rollback": false
              }
            ],
            "deployment_controller": [
              {
                "type": "ECS"
              }
            ],
            "deployment_maximum_percent": 200,
            "deployment_minimum_healthy_percent": 100,
            "desired_count": 1,
            "enable_ecs_managed_tags": false,
            "enable_execute_command": true,
            "force_new_deployment": null,
            "health_check_grace_period_seconds": 0,
            "iam_role": "/aws-service-role/ecs.amazonaws.com/AWSServiceRoleForECS",
            "id": "arn:aws:ecs:us-east-1:729763663166:service/v2-api-prod/v2-api-prod-app",
            "launch_type": "FARGATE",
            "load_balancer": [
              {
                "container_name": "v2-api-prod",
                "container_port": 8000,
                "elb_name": "",
                "target_group_arn": "arn:aws:elasticloadbalancing:us-east-1:729763663166:targetgroup/v2-api-prod-ecs-tg/f5340dd976dab667"
              }
            ],
            "name": "v2-api-prod-app",
            "network_configuration": [
              {
                "assign_public_ip": true,
                "security_groups": [
                  "sg-0ffab5518418ae36b"
                ],
                "subnets": [
                  "subnet-050fd35f40337b6fa",
                  "subnet-0e6e371a57670ba62"
                ]
              }
            ],
            "ordered_placement_strategy": [],
            "placement_constraints": [],
            "platform_version": "LATEST",
            "propagate_tags": "NONE",
            "scheduling_strategy": "REPLICA",
            "service_connect_configuration": [],
            "service_registries": [],
            "tags": {},
            "tags_all": {},
            "task_definition": "arn:aws:ecs:us-east-1:729763663166:task-definition/v2-api-prod-app:64",
            "timeouts": null,
            "triggers": {},
            "wait_for_steady_state": false
          },
          "sensitive_attributes": [],
          "private": "eyJlMmJmYjczMC1lY2FhLTExZTYtOGY4OC0zNDM2M2JjN2M0YzAiOnsiY3JlYXRlIjoxMjAwMDAwMDAwMDAwLCJkZWxldGUiOjEyMDAwMDAwMDAwMDAsInVwZGF0ZSI6MTIwMDAwMDAwMDAwMH19",
          "dependencies": [
            "aws_efs_access_point.efs_access_point",
            "data.aws_ecr_repository.v2_api",
            "module.ecs.aws_ecs_cluster.main",
            "module.ecs.aws_ecs_task_definition.app",
            "module.ecs.aws_iam_role.execution",
            "module.ecs.aws_iam_role.task",
            "module.efs.aws_efs_file_system.efs",
            "module.load_balancer.aws_lb_target_group.ecs_target_group",
            "module.networking.aws_security_group.ecs_tasks",
            "module.networking.aws_subnet.public_a",
            "module.networking.aws_subnet.public_b",
            "module.rds_postgres.aws_db_instance.postgres",
            "module.redis.aws_elasticache_cluster.redis"
          ]
        }
      ]
    },
    {
      "module": "module.ecs",
      "mode": "managed",
      "type": "aws_ecs_task_definition",
      "name": "app",
      "provider": "provider[\"registry.terraform.io/hashicorp/aws\"]",
      "instances": [
        {
          "schema_version": 1,
          "attributes": {
            "arn": "arn:aws:ecs:us-east-1:729763663166:task-definition/v2-api-prod-app:64",
            "arn_without_revision": "arn:aws:ecs:us-east-1:729763663166:task-definition/v2-api-prod-app",
            "container_definitions": "[{\"cpu\":0,\"environment\":[{\"name\":\"ALL_GIT_GUIDES_FOLDER_NAME\",\"value\":\"dodao-all-prod-guides\"},{\"name\":\"ALL_GUIDES_GIT_REPOSITORY\",\"value\":\"your_all_guides_git_repository\"},{\"name\":\"ALL_GUIDE_SUBMISSIONS_WEBHOOK\",\"value\":\"https://discord.com/api/webhooks/957635591904833536/DhJgehwHAc-1D_RbTLIvm1K7KpNuvh7GPCGJ-pgNqbSMKDnDlL_7yhucp3lIM-Xci-Vx\"},{\"name\":\"AWS_ACCESS_KEY_ID\",\"value\":\"AKIA2T2KNZU7M5EJEFAW\"},{\"name\":\"AWS_DEFAULT_REGION\",\"value\":\"us-east-1\"},{\"name\":\"AWS_SECRET_ACCESS_KEY\",\"value\":\"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\"},{\"name\":\"DATABASE_URL\",\"value\":\"postgresql://postgres:IADlWtdRpsdVkIdci5nc@v2-api-prod-db.ck3vi1ubbpax.us-east-1.rds.amazonaws.com:5432/v2_api_prod_db?sslmode=verify-full\"},{\"name\":\"DEFAULT_REGION\",\"value\":\"us-east-1\"},{\"name\":\"DISCORD_BOT_TOKEN\",\"value\":\"MTA5NDY5MjI3NzU1NDc3NDA1Ng.G3Mktj.4Jc2tKKK5zOgXwX4zLy-W58hMRWi_pU88jRhXo\"},{\"name\":\"DISCORD_CLIENT_ID\",\"value\":\"your_discord_client_id\"},{\"name\":\"DISCORD_CLIENT_SECRET\",\"value\":\"your_discord_client_secret\"},{\"name\":\"DODAO_AUTH_HEADER_NAME\",\"value\":\"dodao-auth-token\"},{\"name\":\"DODAO_AUTH_SECRET\",\"value\":\"pwubqvUJdbvXyt21aBNOyR9w9vYri1PnEOyV4BCxmLZgL0oyUl3Rg16xtd3vxhWannMnKzSLcAaKHNmD5SGlAw1ePPXgFDCkq85R6XiFekK71wqVPCKUil4DtjfsLIbA\"},{\"name\":\"DODAO_WHITELISTED_ADMINS\",\"value\":\"0x470579d16401a36BF63b1428eaA7189FBdE5Fee9\"},{\"name\":\"ECS_ENABLE_EXECUTE_COMMAND\",\"value\":\"true\"},{\"name\":\"GITHUB_TOKEN\",\"value\":\"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\"},{\"name\":\"GOOGLE_AUTH_PROVIDER_X509_CERT_URL\",\"value\":\"https://www.googleapis.com/oauth2/v1/certs\"},{\"name\":\"GOOGLE_AUTH_URI\",\"value\":\"https://accounts.google.com/o/oauth2/auth\"},{\"name\":\"GOOGLE_CLIENT_EMAIL\",\"value\":\"emailsender@dodao-email-sender.iam.gserviceaccount.com\"},{\"name\":\"GOOGLE_CLIENT_ID\",\"value\":\"112936863528406477189\"},{\"name\":\"GOOGLE_CLIENT_X509_CERT_URL\",\"value\":\"https://www.googleapis.com/robot/v1/metadata/x509/emailsender%40dodao-email-sender.iam.gserviceaccount.com\"},{\"name\":\"GOOGLE_PRIVATE_KEY\",\"value\":\"-----BEGIN PRIVATE KEY-----\\nMIIEvQIBADANBgkqhkiG9w0BAQEFAASCBKcwggSjAgEAAoIBAQDWjIoLVPC15hyO\\n+74U5AVssfIyXxo321m99y/pN4oAAA4M6YKkOUCU3vbJ3g+Fs1iNzdX24mKAOwpp\\nNrLGIk0TA1k/M5vafyuNDhCZ4wWUY7IKO92ldvM1DP+AqJnWACTK3mq9CBd6XCK+\\nRG4ewdRcN8dMq2gIIj8DRNH/KpvQ78/goiC+FN/TZjGSEBnetglwVChv756fMe0N\\nsSUtoMZgXDTwAOrDnLbZmmfmAtT4moIJ0u3N84jZ7bwXFc4vGkwSRw7C1Q348VHT\\neBafXQ/6eBQzVQ7+udQMo21Il3cXkHXyr0BN7+PeGJ9v3Nm3Z1MBjtwN1NDIPt6D\\nSqvhZCY3AgMBAAECggEADPobL2xH0vjEKXHYoXLZUSXCPIG8GDzQRMk6wKR3WGCo\\neOd223ALE/YYf0VLMw8SACG/G1u+EXuAubRxQ8K3XrsJHuWEO8cNX07GekhdAgi1\\nsCDG20dClqbenW2VQHhpwUuKsTxYDzKbd160OnAG5D0LdPu5IyTPIud6vDBblFuQ\\noVHOqp9AgMrfsQb68FE2hC8sYpgw7r5UUSrtFH8bESkPB28x/dtXOx2tn3LDVEhQ\\npHg8JagPiNB2A22SJapGCUNYIZU5PlE3gyxKhWQEi/3NHqp4LPK2HHWdoF/2GoSF\\nvGJKt++MaINymmpRRxAPK7i8HQyVmHjUWVsM02NEQQKBgQDrzWXxrDl/7JJY3Jxn\\nFWjo/UkxvVkuwZd8dHwSk1aPOrriKZeA4uC8d/FORRtsL1Xz+e/8bnMj7EOfanqR\\nltzZo8y5qs3NiYPTTtl1KQdVgzDYfz5G2abFQ7TgnOJde5fnuq+qqpltUrCMNNLv\\nGcvM9xmgNUUyP+9axiK8dlbivwKBgQDo7RqaPzK+tDxv1dQOR1qijg7NQF7teviH\\n4VQvUGWgRJ78dnIawzL+32f0W2O+GFaT8+5E8ru7aSTkXdgZgwe8FYZiNWPOzUyR\\nm+Gvj7690tT7WbOo7NTcuTEQB5GMqX4X2O7Z80WmVKallJ42/Z44jrn1d2LCHPL7\\nM8QUt8SyiQKBgGGxZ1sJD4mAaeGHBQVwSVa+GWUSHbDRZAGcAQtxH5uXqXWp5arw\\nVEvBJahX2VSpB+Nc2aCr4egwKpQReVZ4OmexBVCnAzz0jDkvoch4hyFWiRYpIZQY\\n+I8hzf6BAQfZ/MV1AvKiW45/g8WS3RFSjq0McwF9EH4RHwlsrVeHb9fhAoGBAOSi\\n6PwDkQIU1UZJtG+XpuXtX6Yly4h8rrxieEpBNqBM+2qBsZuHg+Ue0mHP22ZbaZCt\\nXnMbeR+LJAVuAJN6RPtgfZqlIaV7a+95/dxg0zBtZVacRHhKkN9ggUJky4AxV259\\nKGeUHggZC8N40JzV8ps9rle+qpgz5mah95UGlfNRAoGAIoFKs82Cb84GvI3q/AgC\\ny7wSruVHR2NplCEPdtuK1TRE1kJRuIuObBUS/yXyWUoi6746syljM2IvNQ6kMKTw\\nieOR+SOjHHCuo1QPPUywJWoJd3jIXQDGU+G46IXwpWzhdAd9qKe2NHctGQmcM36d\\n4xcfWodJ0iNuefU0zE+p9LI=\\n-----END PRIVATE KEY-----\\n\"},{\"name\":\"GOOGLE_PRIVATE_KEY_ID\",\"value\":\"e4a98da8d4c73530f43e159113223042809f5243\"},{\"name\":\"GOOGLE_PROJECT_ID\",\"value\":\"dodao-email-sender\"},{\"name\":\"GOOGLE_TOKEN_URI\",\"value\":\"https://oauth2.googleapis.com/token\"},{\"name\":\"GOOGLE_TYPE\",\"value\":\"service_account\"},{\"name\":\"GOOGLE_UNIVERSE_DOMAIN\",\"value\":\"googleapis.com\"},{\"name\":\"JWT_PRIVATE_KEY\",\"value\":\"your_jwt_private_key\"},{\"name\":\"MAIN_GIT_FOLDER_PATH\",\"value\":\"/opt/dodao/dodao-git-folder/prod\"},{\"name\":\"NODE_OPTIONS\",\"value\":\"–max_old_space_size=2048\"},{\"name\":\"OPENAI_API_KEY\",\"value\":\"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\"},{\"name\":\"PINECONE_API_KEY\",\"value\":\"f31110dc-f9c9-44da-ada0-06fdcc204a8b\"},{\"name\":\"PINECONE_ENVIRONMENT\",\"value\":\"eu-west1-gcp\"},{\"name\":\"PINECONE_INDEX_NAME\",\"value\":\"dodao-test\"},{\"name\":\"PUBLIC_AWS_S3_BUCKET\",\"value\":\"dodao-prod-public-assets\"},{\"name\":\"REDIS_URL\",\"value\":\"redis://v2-api-prod-redis.wja9yx.0001.use1.cache.amazonaws.com:6379\"},{\"name\":\"SERVER_ERRORS_WEBHOOK\",\"value\":\"https://discord.com/api/webhooks/1005822623248293958/LLyyfcQw2yYsgNZOH6MRJrHjaI84AEzJ5VpqwIC9oipihK_i69svork8RKswLeqL2NYd\"}],\"essential\":true,\"healthCheck\":{\"command\":[\"CMD-SHELL\",\"curl -f http://localhost:8000/health || exit 1\"],\"interval\":15,\"retries\":10,\"startPeriod\":10,\"timeout\":10},\"image\":\"729763663166.dkr.ecr.us-east-1.amazonaws.com/v2-api\",\"linuxParameters\":{\"initProcessEnabled\":true},\"logConfiguration\":{\"logDriver\":\"awslogs\",\"options\":{\"awslogs-group\":\"v2-api-prod-app-logs\",\"awslogs-region\":\"us-east-1\",\"awslogs-stream-prefix\":\"ecs\"}},\"mountPoints\":[{\"containerPath\":\"/opt/dodao/dodao-git-folder/prod\",\"sourceVolume\":\"efs-volume\"}],\"name\":\"v2-api-prod\",\"portMappings\":[{\"containerPort\":8000,\"hostPort\":8000,\"protocol\":\"tcp\"}],\"volumesFrom\":[]}]",
            "cpu": "2048",
            "ephemeral_storage": [],
            "execution_role_arn": "arn:aws:iam::729763663166:role/v2-api-prod-execution",
            "family": "v2-api-prod-app",
            "id": "v2-api-prod-app",
            "inference_accelerator": [],
            "ipc_mode": "",
            "memory": "8192",
            "network_mode": "awsvpc",
            "pid_mode": "",
            "placement_constraints": [],
            "proxy_configuration": [],
            "requires_compatibilities": [
              "FARGATE"
            ],
            "revision": 64,
            "runtime_platform": [],
            "skip_destroy": false,
            "tags": null,
            "tags_all": {},
            "task_role_arn": "arn:aws:iam::729763663166:role/v2-api-prod-task",
            "volume": [
              {
                "docker_volume_configuration": [],
                "efs_volume_configuration": [
                  {
                    "authorization_config": [
                      {
                        "access_point_id": "fsap-0cc0a2b096bf314e1",
                        "iam": ""
                      }
                    ],
                    "file_system_id": "fs-0f7728f47cbd5e246",
                    "root_directory": "/",
                    "transit_encryption": "ENABLED",
                    "transit_encryption_port": 2049
                  }
                ],
                "fsx_windows_file_server_volume_configuration": [],
                "host_path": "",
                "name": "efs-volume"
              }
            ]
          },
          "sensitive_attributes": [],
          "private": "eyJzY2hlbWFfdmVyc2lvbiI6IjEifQ==",
          "dependencies": [
            "aws_efs_access_point.efs_access_point",
            "data.aws_ecr_repository.v2_api",
            "module.ecs.aws_iam_role.execution",
            "module.ecs.aws_iam_role.task",
            "module.efs.aws_efs_file_system.efs",
            "module.rds_postgres.aws_db_instance.postgres",
            "module.redis.aws_elasticache_cluster.redis"
          ]
        }
      ]
    },
    {
      "module": "module.ecs",
      "mode": "managed",
      "type": "aws_iam_policy",
      "name": "ecr_permissions",
      "provider": "provider[\"registry.terraform.io/hashicorp/aws\"]",
      "instances": [
        {
          "schema_version": 0,
          "attributes": {
            "arn": "arn:aws:iam::729763663166:policy/v2-api-prod-ecr-policy",
            "description": "Policy to allow ECS tasks to access ECR repositories",
            "id": "arn:aws:iam::729763663166:policy/v2-api-prod-ecr-policy",
            "name": "v2-api-prod-ecr-policy",
            "name_prefix": "",
            "path": "/",
            "policy": "{\"Statement\":[{\"Action\":[\"ecr:GetAuthorizationToken\",\"ecr:BatchCheckLayerAvailability\",\"ecr:GetDownloadUrlForLayer\",\"ecr:BatchGetImage\",\"ssmmessages:CreateControlChannel\",\"ssmmessages:CreateDataChannel\",\"ssmmessages:OpenControlChannel\",\"ssmmessages:OpenDataChannel\"],\"Effect\":\"Allow\",\"Resource\":\"*\"}],\"Version\":\"2012-10-17\"}",
            "policy_id": "ANPA2T2KNZU7NDISI4LM7",
            "tags": {},
            "tags_all": {}
          },
          "sensitive_attributes": [],
          "private": "bnVsbA=="
        }
      ]
    },
    {
      "module": "module.ecs",
      "mode": "managed",
      "type": "aws_iam_policy",
      "name": "ecs_task_execution_efs",
      "provider": "provider[\"registry.terraform.io/hashicorp/aws\"]",
      "instances": [
        {
          "schema_version": 0,
          "attributes": {
            "arn": "arn:aws:iam::729763663166:policy/ecs-task-execution-efs",
            "description": "ECS Task execution role policy to allow mounting and writing to EFS, and to describe mount targets and availability zones",
            "id": "arn:aws:iam::729763663166:policy/ecs-task-execution-efs",
            "name": "ecs-task-execution-efs",
            "name_prefix": "",
            "path": "/",
            "policy": "{\"Statement\":[{\"Action\":[\"elasticfilesystem:ClientMount\",\"elasticfilesystem:ClientWrite\",\"elasticfilesystem:DescribeAccessPoints\",\"elasticfilesystem:DescribeFileSystems\",\"elasticfilesystem:DescribeMountTargets\",\"ec2:DescribeAvailabilityZones\"],\"Effect\":\"Allow\",\"Resource\":\"*\"}],\"Version\":\"2012-10-17\"}",
            "policy_id": "ANPA2T2KNZU7KW2XTYY2U",
            "tags": {},
            "tags_all": {}
          },
          "sensitive_attributes": [],
          "private": "bnVsbA=="
        }
      ]
    },
    {
      "module": "module.ecs",
      "mode": "managed",
      "type": "aws_iam_role",
      "name": "execution",
      "provider": "provider[\"registry.terraform.io/hashicorp/aws\"]",
      "instances": [
        {
          "schema_version": 0,
          "attributes": {
            "arn": "arn:aws:iam::729763663166:role/v2-api-prod-execution",
            "assume_role_policy": "{\"Statement\":[{\"Action\":\"sts:AssumeRole\",\"Effect\":\"Allow\",\"Principal\":{\"Service\":[\"ecs-tasks.amazonaws.com\",\"ssm.amazonaws.com\"]}}],\"Version\":\"2012-10-17\"}",
            "create_date": "2023-05-09T18:08:40Z",
            "description": "",
            "force_detach_policies": false,
            "id": "v2-api-prod-execution",
            "inline_policy": [],
            "managed_policy_arns": [
              "arn:aws:iam::729763663166:policy/ecs-task-execution-efs",
              "arn:aws:iam::729763663166:policy/v2-api-prod-ecr-policy",
              "arn:aws:iam::aws:policy/AmazonSSMManagedInstanceCore",
              "arn:aws:iam::aws:policy/service-role/AmazonECSTaskExecutionRolePolicy"
            ],
            "max_session_duration": 3600,
            "name": "v2-api-prod-execution",
            "name_prefix": "",
            "path": "/",
            "permissions_boundary": null,
            "role_last_used": [
              {
                "last_used_date": "2023-11-30T11:44:56Z",
                "region": "us-east-1"
              }
            ],
            "tags": {},
            "tags_all": {},
            "unique_id": "AROA2T2KNZU7EWJ2HYTFK"
          },
          "sensitive_attributes": [],
          "private": "bnVsbA=="
        }
      ]
    },
    {
      "module": "module.ecs",
      "mode": "managed",
      "type": "aws_iam_role",
      "name": "task",
      "provider": "provider[\"registry.terraform.io/hashicorp/aws\"]",
      "instances": [
        {
          "schema_version": 0,
          "attributes": {
            "arn": "arn:aws:iam::729763663166:role/v2-api-prod-task",
            "assume_role_policy": "{\"Statement\":[{\"Action\":\"sts:AssumeRole\",\"Effect\":\"Allow\",\"Principal\":{\"Service\":\"ecs-tasks.amazonaws.com\"}}],\"Version\":\"2012-10-17\"}",
            "create_date": "2023-05-09T18:08:40Z",
            "description": "",
            "force_detach_policies": false,
            "id": "v2-api-prod-task",
            "inline_policy": [],
            "managed_policy_arns": [
              "arn:aws:iam::729763663166:policy/v2-api-prod-ecr-policy",
              "arn:aws:iam::aws:policy/service-role/AmazonECSTaskExecutionRolePolicy"
            ],
            "max_session_duration": 3600,
            "name": "v2-api-prod-task",
            "name_prefix": "",
            "path": "/",
            "permissions_boundary": null,
            "role_last_used": [
              {
                "last_used_date": "2023-11-30T11:37:19Z",
                "region": "us-east-1"
              }
            ],
            "tags": {},
            "tags_all": {},
            "unique_id": "AROA2T2KNZU7N6HHC6EMY"
          },
          "sensitive_attributes": [],
          "private": "bnVsbA=="
        }
      ]
    },
    {
      "module": "module.ecs",
      "mode": "managed",
      "type": "aws_iam_role_policy_attachment",
      "name": "ecr_permissions",
      "provider": "provider[\"registry.terraform.io/hashicorp/aws\"]",
      "instances": [
        {
          "schema_version": 0,
          "attributes": {
            "id": "v2-api-prod-execution-20230509180841113400000005",
            "policy_arn": "arn:aws:iam::729763663166:policy/v2-api-prod-ecr-policy",
            "role": "v2-api-prod-execution"
          },
          "sensitive_attributes": [],
          "private": "bnVsbA==",
          "dependencies": [
            "module.ecs.aws_iam_policy.ecr_permissions",
            "module.ecs.aws_iam_role.execution"
          ]
        }
      ]
    },
    {
      "module": "module.ecs",
      "mode": "managed",
      "type": "aws_iam_role_policy_attachment",
      "name": "ecs_execution_role_policy",
      "provider": "provider[\"registry.terraform.io/hashicorp/aws\"]",
      "instances": [
        {
          "schema_version": 0,
          "attributes": {
            "id": "v2-api-prod-execution-20230509180840939500000004",
            "policy_arn": "arn:aws:iam::aws:policy/service-role/AmazonECSTaskExecutionRolePolicy",
            "role": "v2-api-prod-execution"
          },
          "sensitive_attributes": [],
          "private": "bnVsbA==",
          "dependencies": [
            "module.ecs.aws_iam_role.execution"
          ]
        }
      ]
    },
    {
      "module": "module.ecs",
      "mode": "managed",
      "type": "aws_iam_role_policy_attachment",
      "name": "ecs_task_execution_efs_attach",
      "provider": "provider[\"registry.terraform.io/hashicorp/aws\"]",
      "instances": [
        {
          "schema_version": 0,
          "attributes": {
            "id": "v2-api-prod-execution-20230509180840895100000002",
            "policy_arn": "arn:aws:iam::729763663166:policy/ecs-task-execution-efs",
            "role": "v2-api-prod-execution"
          },
          "sensitive_attributes": [],
          "private": "bnVsbA==",
          "dependencies": [
            "module.ecs.aws_iam_policy.ecs_task_execution_efs",
            "module.ecs.aws_iam_role.execution"
          ]
        }
      ]
    },
    {
      "module": "module.ecs",
      "mode": "managed",
      "type": "aws_iam_role_policy_attachment",
      "name": "ssm_managed_policy",
      "provider": "provider[\"registry.terraform.io/hashicorp/aws\"]",
      "instances": [
        {
          "schema_version": 0,
          "attributes": {
            "id": "v2-api-prod-execution-20230511223552492700000001",
            "policy_arn": "arn:aws:iam::aws:policy/AmazonSSMManagedInstanceCore",
            "role": "v2-api-prod-execution"
          },
          "sensitive_attributes": [],
          "private": "bnVsbA==",
          "dependencies": [
            "module.ecs.aws_iam_role.execution"
          ]
        }
      ]
    },
    {
      "module": "module.ecs",
      "mode": "managed",
      "type": "aws_iam_role_policy_attachment",
      "name": "task",
      "provider": "provider[\"registry.terraform.io/hashicorp/aws\"]",
      "instances": [
        {
          "schema_version": 0,
          "attributes": {
            "id": "v2-api-prod-task-20230509180840909100000003",
            "policy_arn": "arn:aws:iam::aws:policy/service-role/AmazonECSTaskExecutionRolePolicy",
            "role": "v2-api-prod-task"
          },
          "sensitive_attributes": [],
          "private": "bnVsbA==",
          "dependencies": [
            "module.ecs.aws_iam_role.task"
          ]
        }
      ]
    },
    {
      "module": "module.ecs",
      "mode": "managed",
      "type": "aws_iam_role_policy_attachment",
      "name": "task_permissions",
      "provider": "provider[\"registry.terraform.io/hashicorp/aws\"]",
      "instances": [
        {
          "schema_version": 0,
          "attributes": {
            "id": "v2-api-prod-task-20230512143325934600000001",
            "policy_arn": "arn:aws:iam::729763663166:policy/v2-api-prod-ecr-policy",
            "role": "v2-api-prod-task"
          },
          "sensitive_attributes": [],
          "private": "bnVsbA==",
          "dependencies": [
            "module.ecs.aws_iam_policy.ecr_permissions",
            "module.ecs.aws_iam_role.task"
          ]
        }
      ]
    },
    {
      "module": "module.efs",
      "mode": "managed",
      "type": "aws_efs_file_system",
      "name": "efs",
      "provider": "provider[\"registry.terraform.io/hashicorp/aws\"]",
      "instances": [
        {
          "schema_version": 0,
          "attributes": {
            "arn": "arn:aws:elasticfilesystem:us-east-1:729763663166:file-system/fs-0f7728f47cbd5e246",
            "availability_zone_id": "",
            "availability_zone_name": "",
            "creation_token": "v2-api-prod",
            "dns_name": "fs-0f7728f47cbd5e246.efs.us-east-1.amazonaws.com",
            "encrypted": false,
            "id": "fs-0f7728f47cbd5e246",
            "kms_key_id": "",
            "lifecycle_policy": [],
            "number_of_mount_targets": 2,
            "owner_id": "729763663166",
            "performance_mode": "generalPurpose",
            "provisioned_throughput_in_mibps": 0,
            "size_in_bytes": [
              {
                "value": 230189056,
                "value_in_ia": 0,
                "value_in_standard": 230189056
              }
            ],
            "tags": {
              "Environment": "prod",
              "Name": "v2-api-prod"
            },
            "tags_all": {
              "Environment": "prod",
              "Name": "v2-api-prod"
            },
            "throughput_mode": "bursting"
          },
          "sensitive_attributes": [],
          "private": "bnVsbA=="
        }
      ]
    },
    {
      "module": "module.efs",
      "mode": "managed",
      "type": "aws_efs_mount_target",
      "name": "efs_mount_target",
      "provider": "provider[\"registry.terraform.io/hashicorp/aws\"]",
      "instances": [
        {
          "index_key": 0,
          "schema_version": 0,
          "attributes": {
            "availability_zone_id": "use1-az4",
            "availability_zone_name": "us-east-1a",
            "dns_name": "fs-0f7728f47cbd5e246.efs.us-east-1.amazonaws.com",
            "file_system_arn": "arn:aws:elasticfilesystem:us-east-1:729763663166:file-system/fs-0f7728f47cbd5e246",
            "file_system_id": "fs-0f7728f47cbd5e246",
            "id": "fsmt-0014d765bbadea89c",
            "ip_address": "10.0.1.163",
            "mount_target_dns_name": "us-east-1a.fs-0f7728f47cbd5e246.efs.us-east-1.amazonaws.com",
            "network_interface_id": "eni-0bb84aa40dc9ec8d4",
            "owner_id": "729763663166",
            "security_groups": [
              "sg-0ffab5518418ae36b"
            ],
            "subnet_id": "subnet-050fd35f40337b6fa",
            "timeouts": null
          },
          "sensitive_attributes": [],
          "private": "eyJlMmJmYjczMC1lY2FhLTExZTYtOGY4OC0zNDM2M2JjN2M0YzAiOnsiY3JlYXRlIjoxODAwMDAwMDAwMDAwLCJkZWxldGUiOjYwMDAwMDAwMDAwMH19",
          "dependencies": [
            "module.efs.aws_efs_file_system.efs",
            "module.networking.aws_security_group.ecs_tasks",
            "module.networking.aws_subnet.public_a",
            "module.networking.aws_subnet.public_b",
            "module.networking.aws_vpc.main"
          ]
        },
        {
          "index_key": 1,
          "schema_version": 0,
          "attributes": {
            "availability_zone_id": "use1-az6",
            "availability_zone_name": "us-east-1b",
            "dns_name": "fs-0f7728f47cbd5e246.efs.us-east-1.amazonaws.com",
            "file_system_arn": "arn:aws:elasticfilesystem:us-east-1:729763663166:file-system/fs-0f7728f47cbd5e246",
            "file_system_id": "fs-0f7728f47cbd5e246",
            "id": "fsmt-06ae396cd8fd9ffc1",
            "ip_address": "10.0.2.81",
            "mount_target_dns_name": "us-east-1b.fs-0f7728f47cbd5e246.efs.us-east-1.amazonaws.com",
            "network_interface_id": "eni-048684e0193529e43",
            "owner_id": "729763663166",
            "security_groups": [
              "sg-0ffab5518418ae36b"
            ],
            "subnet_id": "subnet-0e6e371a57670ba62",
            "timeouts": null
          },
          "sensitive_attributes": [],
          "private": "eyJlMmJmYjczMC1lY2FhLTExZTYtOGY4OC0zNDM2M2JjN2M0YzAiOnsiY3JlYXRlIjoxODAwMDAwMDAwMDAwLCJkZWxldGUiOjYwMDAwMDAwMDAwMH19",
          "dependencies": [
            "module.efs.aws_efs_file_system.efs",
            "module.networking.aws_security_group.ecs_tasks",
            "module.networking.aws_subnet.public_a",
            "module.networking.aws_subnet.public_b",
            "module.networking.aws_vpc.main"
          ]
        }
      ]
    },
    {
      "module": "module.load_balancer",
      "mode": "managed",
      "type": "aws_lb",
      "name": "alb",
      "provider": "provider[\"registry.terraform.io/hashicorp/aws\"]",
      "instances": [
        {
          "schema_version": 0,
          "attributes": {
            "access_logs": [
              {
                "bucket": "",
                "enabled": false,
                "prefix": ""
              }
            ],
            "arn": "arn:aws:elasticloadbalancing:us-east-1:729763663166:loadbalancer/app/v2-api-prod-alb/7111d8c8a70b45a9",
            "arn_suffix": "app/v2-api-prod-alb/7111d8c8a70b45a9",
            "customer_owned_ipv4_pool": "",
            "desync_mitigation_mode": "defensive",
            "dns_name": "v2-api-prod-alb-1730477323.us-east-1.elb.amazonaws.com",
            "drop_invalid_header_fields": false,
            "enable_cross_zone_load_balancing": true,
            "enable_deletion_protection": false,
            "enable_http2": true,
            "enable_tls_version_and_cipher_suite_headers": false,
            "enable_waf_fail_open": false,
            "enable_xff_client_port": false,
            "id": "arn:aws:elasticloadbalancing:us-east-1:729763663166:loadbalancer/app/v2-api-prod-alb/7111d8c8a70b45a9",
            "idle_timeout": 60,
            "internal": false,
            "ip_address_type": "ipv4",
            "load_balancer_type": "application",
            "name": "v2-api-prod-alb",
            "name_prefix": null,
            "preserve_host_header": false,
            "security_groups": [
              "sg-0ffab5518418ae36b"
            ],
            "subnet_mapping": [
              {
                "allocation_id": "",
                "ipv6_address": "",
                "outpost_id": "",
                "private_ipv4_address": "",
                "subnet_id": "subnet-050fd35f40337b6fa"
              },
              {
                "allocation_id": "",
                "ipv6_address": "",
                "outpost_id": "",
                "private_ipv4_address": "",
                "subnet_id": "subnet-0e6e371a57670ba62"
              }
            ],
            "subnets": [
              "subnet-050fd35f40337b6fa",
              "subnet-0e6e371a57670ba62"
            ],
            "tags": {},
            "tags_all": {},
            "timeouts": null,
            "vpc_id": "vpc-0803934acd778118a",
            "xff_header_processing_mode": "append",
            "zone_id": "Z35SXDOTRQ7X7K"
          },
          "sensitive_attributes": [],
          "private": "eyJlMmJmYjczMC1lY2FhLTExZTYtOGY4OC0zNDM2M2JjN2M0YzAiOnsiY3JlYXRlIjo2MDAwMDAwMDAwMDAsImRlbGV0ZSI6NjAwMDAwMDAwMDAwLCJ1cGRhdGUiOjYwMDAwMDAwMDAwMH19",
          "dependencies": [
            "module.networking.aws_security_group.ecs_tasks",
            "module.networking.aws_subnet.public_a",
            "module.networking.aws_subnet.public_b",
            "module.networking.aws_vpc.main"
          ]
        }
      ]
    },
    {
      "module": "module.load_balancer",
      "mode": "managed",
      "type": "aws_lb_listener",
      "name": "http_listener",
      "provider": "provider[\"registry.terraform.io/hashicorp/aws\"]",
      "instances": [
        {
          "schema_version": 0,
          "attributes": {
            "alpn_policy": null,
            "arn": "arn:aws:elasticloadbalancing:us-east-1:729763663166:listener/app/v2-api-prod-alb/7111d8c8a70b45a9/7bef1eae420e32a8",
            "certificate_arn": null,
            "default_action": [
              {
                "authenticate_cognito": [],
                "authenticate_oidc": [],
                "fixed_response": [],
                "forward": [],
                "order": 1,
                "redirect": [],
                "target_group_arn": "arn:aws:elasticloadbalancing:us-east-1:729763663166:targetgroup/v2-api-prod-ecs-tg/f5340dd976dab667",
                "type": "forward"
              }
            ],
            "id": "arn:aws:elasticloadbalancing:us-east-1:729763663166:listener/app/v2-api-prod-alb/7111d8c8a70b45a9/7bef1eae420e32a8",
            "load_balancer_arn": "arn:aws:elasticloadbalancing:us-east-1:729763663166:loadbalancer/app/v2-api-prod-alb/7111d8c8a70b45a9",
            "port": 80,
            "protocol": "HTTP",
            "ssl_policy": "",
            "tags": {},
            "tags_all": {},
            "timeouts": null
          },
          "sensitive_attributes": [],
          "private": "eyJlMmJmYjczMC1lY2FhLTExZTYtOGY4OC0zNDM2M2JjN2M0YzAiOnsicmVhZCI6NjAwMDAwMDAwMDAwfX0=",
          "dependencies": [
            "module.load_balancer.aws_lb.alb",
            "module.load_balancer.aws_lb_target_group.ecs_target_group",
            "module.networking.aws_security_group.ecs_tasks",
            "module.networking.aws_subnet.public_a",
            "module.networking.aws_subnet.public_b",
            "module.networking.aws_vpc.main"
          ]
        }
      ]
    },
    {
      "module": "module.load_balancer",
      "mode": "managed",
      "type": "aws_lb_listener",
      "name": "https",
      "provider": "provider[\"registry.terraform.io/hashicorp/aws\"]",
      "instances": [
        {
          "schema_version": 0,
          "attributes": {
            "alpn_policy": null,
            "arn": "arn:aws:elasticloadbalancing:us-east-1:729763663166:listener/app/v2-api-prod-alb/7111d8c8a70b45a9/fa89ac07024e3c47",
            "certificate_arn": "arn:aws:acm:us-east-1:729763663166:certificate/6671a567-d494-46e7-91c3-598e941d2855",
            "default_action": [
              {
                "authenticate_cognito": [],
                "authenticate_oidc": [],
                "fixed_response": [],
                "forward": [],
                "order": 1,
                "redirect": [],
                "target_group_arn": "arn:aws:elasticloadbalancing:us-east-1:729763663166:targetgroup/v2-api-prod-ecs-tg/f5340dd976dab667",
                "type": "forward"
              }
            ],
            "id": "arn:aws:elasticloadbalancing:us-east-1:729763663166:listener/app/v2-api-prod-alb/7111d8c8a70b45a9/fa89ac07024e3c47",
            "load_balancer_arn": "arn:aws:elasticloadbalancing:us-east-1:729763663166:loadbalancer/app/v2-api-prod-alb/7111d8c8a70b45a9",
            "port": 443,
            "protocol": "HTTPS",
            "ssl_policy": "ELBSecurityPolicy-2016-08",
            "tags": {},
            "tags_all": {},
            "timeouts": null
          },
          "sensitive_attributes": [],
          "private": "eyJlMmJmYjczMC1lY2FhLTExZTYtOGY4OC0zNDM2M2JjN2M0YzAiOnsicmVhZCI6NjAwMDAwMDAwMDAwfX0=",
          "dependencies": [
            "aws_acm_certificate.cert",
            "module.load_balancer.aws_lb.alb",
            "module.load_balancer.aws_lb_target_group.ecs_target_group",
            "module.networking.aws_security_group.ecs_tasks",
            "module.networking.aws_subnet.public_a",
            "module.networking.aws_subnet.public_b",
            "module.networking.aws_vpc.main"
          ]
        }
      ]
    },
    {
      "module": "module.load_balancer",
      "mode": "managed",
      "type": "aws_lb_target_group",
      "name": "ecs_target_group",
      "provider": "provider[\"registry.terraform.io/hashicorp/aws\"]",
      "instances": [
        {
          "schema_version": 0,
          "attributes": {
            "arn": "arn:aws:elasticloadbalancing:us-east-1:729763663166:targetgroup/v2-api-prod-ecs-tg/f5340dd976dab667",
            "arn_suffix": "targetgroup/v2-api-prod-ecs-tg/f5340dd976dab667",
            "connection_termination": false,
            "deregistration_delay": "300",
            "health_check": [
              {
                "enabled": true,
                "healthy_threshold": 3,
                "interval": 60,
                "matcher": "200",
                "path": "/health",
                "port": "traffic-port",
                "protocol": "HTTP",
                "timeout": 30,
                "unhealthy_threshold": 3
              }
            ],
            "id": "arn:aws:elasticloadbalancing:us-east-1:729763663166:targetgroup/v2-api-prod-ecs-tg/f5340dd976dab667",
            "ip_address_type": "ipv4",
            "lambda_multi_value_headers_enabled": false,
            "load_balancing_algorithm_type": "round_robin",
            "load_balancing_cross_zone_enabled": "use_load_balancer_configuration",
            "name": "v2-api-prod-ecs-tg",
            "name_prefix": null,
            "port": 8000,
            "preserve_client_ip": null,
            "protocol": "HTTP",
            "protocol_version": "HTTP1",
            "proxy_protocol_v2": false,
            "slow_start": 0,
            "stickiness": [
              {
                "cookie_duration": 86400,
                "cookie_name": "",
                "enabled": false,
                "type": "lb_cookie"
              }
            ],
            "tags": {},
            "tags_all": {},
            "target_failover": [
              {
                "on_deregistration": null,
                "on_unhealthy": null
              }
            ],
            "target_type": "ip",
            "vpc_id": "vpc-0803934acd778118a"
          },
          "sensitive_attributes": [],
          "private": "bnVsbA==",
          "dependencies": [
            "module.networking.aws_vpc.main"
          ]
        }
      ]
    },
    {
      "module": "module.networking",
      "mode": "managed",
      "type": "aws_internet_gateway",
      "name": "main",
      "provider": "provider[\"registry.terraform.io/hashicorp/aws\"]",
      "instances": [
        {
          "schema_version": 0,
          "attributes": {
            "arn": "arn:aws:ec2:us-east-1:729763663166:internet-gateway/igw-08b937f6a7e4d2f2a",
            "id": "igw-08b937f6a7e4d2f2a",
            "owner_id": "729763663166",
            "tags": {
              "Environment": "prod",
              "Name": "v2-api-prod-igw",
              "Project": "v2-api"
            },
            "tags_all": {
              "Environment": "prod",
              "Name": "v2-api-prod-igw",
              "Project": "v2-api"
            },
            "timeouts": null,
            "vpc_id": "vpc-0803934acd778118a"
          },
          "sensitive_attributes": [],
          "private": "eyJlMmJmYjczMC1lY2FhLTExZTYtOGY4OC0zNDM2M2JjN2M0YzAiOnsiY3JlYXRlIjoxMjAwMDAwMDAwMDAwLCJkZWxldGUiOjEyMDAwMDAwMDAwMDAsInVwZGF0ZSI6MTIwMDAwMDAwMDAwMH19",
          "dependencies": [
            "module.networking.aws_vpc.main"
          ]
        }
      ]
    },
    {
      "module": "module.networking",
      "mode": "managed",
      "type": "aws_route",
      "name": "public",
      "provider": "provider[\"registry.terraform.io/hashicorp/aws\"]",
      "instances": [
        {
          "schema_version": 0,
          "attributes": {
            "carrier_gateway_id": "",
            "core_network_arn": "",
            "destination_cidr_block": "0.0.0.0/0",
            "destination_ipv6_cidr_block": "",
            "destination_prefix_list_id": "",
            "egress_only_gateway_id": "",
            "gateway_id": "igw-08b937f6a7e4d2f2a",
            "id": "r-rtb-00495bfe5e7e25b5a1080289494",
            "instance_id": "",
            "instance_owner_id": "",
            "local_gateway_id": "",
            "nat_gateway_id": "",
            "network_interface_id": "",
            "origin": "CreateRoute",
            "route_table_id": "rtb-00495bfe5e7e25b5a",
            "state": "active",
            "timeouts": null,
            "transit_gateway_id": "",
            "vpc_endpoint_id": "",
            "vpc_peering_connection_id": ""
          },
          "sensitive_attributes": [],
          "private": "eyJlMmJmYjczMC1lY2FhLTExZTYtOGY4OC0zNDM2M2JjN2M0YzAiOnsiY3JlYXRlIjozMDAwMDAwMDAwMDAsImRlbGV0ZSI6MzAwMDAwMDAwMDAwLCJ1cGRhdGUiOjEyMDAwMDAwMDAwMH19",
          "dependencies": [
            "module.networking.aws_internet_gateway.main",
            "module.networking.aws_route_table.public",
            "module.networking.aws_vpc.main"
          ]
        }
      ]
    },
    {
      "module": "module.networking",
      "mode": "managed",
      "type": "aws_route_table",
      "name": "public",
      "provider": "provider[\"registry.terraform.io/hashicorp/aws\"]",
      "instances": [
        {
          "schema_version": 0,
          "attributes": {
            "arn": "arn:aws:ec2:us-east-1:729763663166:route-table/rtb-00495bfe5e7e25b5a",
            "id": "rtb-00495bfe5e7e25b5a",
            "owner_id": "729763663166",
            "propagating_vgws": [],
            "route": [
              {
                "carrier_gateway_id": "",
                "cidr_block": "0.0.0.0/0",
                "core_network_arn": "",
                "destination_prefix_list_id": "",
                "egress_only_gateway_id": "",
                "gateway_id": "igw-08b937f6a7e4d2f2a",
                "instance_id": "",
                "ipv6_cidr_block": "",
                "local_gateway_id": "",
                "nat_gateway_id": "",
                "network_interface_id": "",
                "transit_gateway_id": "",
                "vpc_endpoint_id": "",
                "vpc_peering_connection_id": ""
              }
            ],
            "tags": {
              "Environment": "prod",
              "Name": "v2-api-prod-public-rt",
              "Project": "v2-api"
            },
            "tags_all": {
              "Environment": "prod",
              "Name": "v2-api-prod-public-rt",
              "Project": "v2-api"
            },
            "timeouts": null,
            "vpc_id": "vpc-0803934acd778118a"
          },
          "sensitive_attributes": [],
          "private": "eyJlMmJmYjczMC1lY2FhLTExZTYtOGY4OC0zNDM2M2JjN2M0YzAiOnsiY3JlYXRlIjozMDAwMDAwMDAwMDAsImRlbGV0ZSI6MzAwMDAwMDAwMDAwLCJ1cGRhdGUiOjEyMDAwMDAwMDAwMH19",
          "dependencies": [
            "module.networking.aws_vpc.main"
          ]
        }
      ]
    },
    {
      "module": "module.networking",
      "mode": "managed",
      "type": "aws_route_table_association",
      "name": "public_a",
      "provider": "provider[\"registry.terraform.io/hashicorp/aws\"]",
      "instances": [
        {
          "schema_version": 0,
          "attributes": {
            "gateway_id": "",
            "id": "rtbassoc-0e41b0268a4e38af3",
            "route_table_id": "rtb-00495bfe5e7e25b5a",
            "subnet_id": "subnet-050fd35f40337b6fa",
            "timeouts": null
          },
          "sensitive_attributes": [],
          "private": "eyJlMmJmYjczMC1lY2FhLTExZTYtOGY4OC0zNDM2M2JjN2M0YzAiOnsiY3JlYXRlIjozMDAwMDAwMDAwMDAsImRlbGV0ZSI6MzAwMDAwMDAwMDAwLCJ1cGRhdGUiOjEyMDAwMDAwMDAwMH19",
          "dependencies": [
            "module.networking.aws_route_table.public",
            "module.networking.aws_subnet.public_a",
            "module.networking.aws_vpc.main"
          ]
        }
      ]
    },
    {
      "module": "module.networking",
      "mode": "managed",
      "type": "aws_route_table_association",
      "name": "public_b",
      "provider": "provider[\"registry.terraform.io/hashicorp/aws\"]",
      "instances": [
        {
          "schema_version": 0,
          "attributes": {
            "gateway_id": "",
            "id": "rtbassoc-0c9cf44549e7f7218",
            "route_table_id": "rtb-00495bfe5e7e25b5a",
            "subnet_id": "subnet-0e6e371a57670ba62",
            "timeouts": null
          },
          "sensitive_attributes": [],
          "private": "eyJlMmJmYjczMC1lY2FhLTExZTYtOGY4OC0zNDM2M2JjN2M0YzAiOnsiY3JlYXRlIjozMDAwMDAwMDAwMDAsImRlbGV0ZSI6MzAwMDAwMDAwMDAwLCJ1cGRhdGUiOjEyMDAwMDAwMDAwMH19",
          "dependencies": [
            "module.networking.aws_route_table.public",
            "module.networking.aws_subnet.public_b",
            "module.networking.aws_vpc.main"
          ]
        }
      ]
    },
    {
      "module": "module.networking",
      "mode": "managed",
      "type": "aws_security_group",
      "name": "ecs_tasks",
      "provider": "provider[\"registry.terraform.io/hashicorp/aws\"]",
      "instances": [
        {
          "schema_version": 1,
          "attributes": {
            "arn": "arn:aws:ec2:us-east-1:729763663166:security-group/sg-0ffab5518418ae36b",
            "description": "Security group for ECS tasks",
            "egress": [
              {
                "cidr_blocks": [
                  "0.0.0.0/0"
                ],
                "description": "",
                "from_port": 0,
                "ipv6_cidr_blocks": [],
                "prefix_list_ids": [],
                "protocol": "-1",
                "security_groups": [],
                "self": false,
                "to_port": 0
              }
            ],
            "id": "sg-0ffab5518418ae36b",
            "ingress": [
              {
                "cidr_blocks": [
                  "0.0.0.0/0"
                ],
                "description": "",
                "from_port": 2049,
                "ipv6_cidr_blocks": [],
                "prefix_list_ids": [],
                "protocol": "tcp",
                "security_groups": [],
                "self": false,
                "to_port": 2049
              },
              {
                "cidr_blocks": [
                  "0.0.0.0/0"
                ],
                "description": "",
                "from_port": 443,
                "ipv6_cidr_blocks": [],
                "prefix_list_ids": [],
                "protocol": "tcp",
                "security_groups": [],
                "self": false,
                "to_port": 443
              },
              {
                "cidr_blocks": [
                  "0.0.0.0/0"
                ],
                "description": "",
                "from_port": 5432,
                "ipv6_cidr_blocks": [],
                "prefix_list_ids": [],
                "protocol": "tcp",
                "security_groups": [],
                "self": false,
                "to_port": 5432
              },
              {
                "cidr_blocks": [
                  "0.0.0.0/0"
                ],
                "description": "",
                "from_port": 6379,
                "ipv6_cidr_blocks": [],
                "prefix_list_ids": [],
                "protocol": "tcp",
                "security_groups": [],
                "self": false,
                "to_port": 6379
              },
              {
                "cidr_blocks": [
                  "0.0.0.0/0"
                ],
                "description": "",
                "from_port": 8000,
                "ipv6_cidr_blocks": [],
                "prefix_list_ids": [],
                "protocol": "tcp",
                "security_groups": [],
                "self": false,
                "to_port": 8000
              },
              {
                "cidr_blocks": [
                  "0.0.0.0/0"
                ],
                "description": "",
                "from_port": 80,
                "ipv6_cidr_blocks": [],
                "prefix_list_ids": [],
                "protocol": "tcp",
                "security_groups": [],
                "self": false,
                "to_port": 80
              },
              {
                "cidr_blocks": [
                  "174.119.210.55/32"
                ],
                "description": "",
                "from_port": -1,
                "ipv6_cidr_blocks": [],
                "prefix_list_ids": [],
                "protocol": "icmp",
                "security_groups": [],
                "self": false,
                "to_port": -1
              },
              {
                "cidr_blocks": [
                  "174.119.210.55/32"
                ],
                "description": "",
                "from_port": 0,
                "ipv6_cidr_blocks": [],
                "prefix_list_ids": [],
                "protocol": "tcp",
                "security_groups": [],
                "self": false,
                "to_port": 65535
              },
              {
                "cidr_blocks": [
                  "174.119.210.55/32"
                ],
                "description": "",
                "from_port": 0,
                "ipv6_cidr_blocks": [],
                "prefix_list_ids": [],
                "protocol": "udp",
                "security_groups": [],
                "self": false,
                "to_port": 65535
              }
            ],
            "name": "v2-api-prod-ecs-tasks",
            "name_prefix": "",
            "owner_id": "729763663166",
            "revoke_rules_on_delete": false,
            "tags": {},
            "tags_all": {},
            "timeouts": null,
            "vpc_id": "vpc-0803934acd778118a"
          },
          "sensitive_attributes": [],
          "private": "eyJlMmJmYjczMC1lY2FhLTExZTYtOGY4OC0zNDM2M2JjN2M0YzAiOnsiY3JlYXRlIjo2MDAwMDAwMDAwMDAsImRlbGV0ZSI6OTAwMDAwMDAwMDAwfSwic2NoZW1hX3ZlcnNpb24iOiIxIn0=",
          "dependencies": [
            "module.networking.aws_vpc.main"
          ]
        }
      ]
    },
    {
      "module": "module.networking",
      "mode": "managed",
      "type": "aws_subnet",
      "name": "public_a",
      "provider": "provider[\"registry.terraform.io/hashicorp/aws\"]",
      "instances": [
        {
          "schema_version": 1,
          "attributes": {
            "arn": "arn:aws:ec2:us-east-1:729763663166:subnet/subnet-050fd35f40337b6fa",
            "assign_ipv6_address_on_creation": false,
            "availability_zone": "us-east-1a",
            "availability_zone_id": "use1-az4",
            "cidr_block": "10.0.1.0/24",
            "customer_owned_ipv4_pool": "",
            "enable_dns64": false,
            "enable_lni_at_device_index": 0,
            "enable_resource_name_dns_a_record_on_launch": false,
            "enable_resource_name_dns_aaaa_record_on_launch": false,
            "id": "subnet-050fd35f40337b6fa",
            "ipv6_cidr_block": "",
            "ipv6_cidr_block_association_id": "",
            "ipv6_native": false,
            "map_customer_owned_ip_on_launch": false,
            "map_public_ip_on_launch": false,
            "outpost_arn": "",
            "owner_id": "729763663166",
            "private_dns_hostname_type_on_launch": "ip-name",
            "tags": {
              "Environment": "prod",
              "Name": "v2-api-prod-subnet-public-a",
              "Project": "v2-api"
            },
            "tags_all": {
              "Environment": "prod",
              "Name": "v2-api-prod-subnet-public-a",
              "Project": "v2-api"
            },
            "timeouts": null,
            "vpc_id": "vpc-0803934acd778118a"
          },
          "sensitive_attributes": [],
          "private": "eyJlMmJmYjczMC1lY2FhLTExZTYtOGY4OC0zNDM2M2JjN2M0YzAiOnsiY3JlYXRlIjo2MDAwMDAwMDAwMDAsImRlbGV0ZSI6MTIwMDAwMDAwMDAwMH0sInNjaGVtYV92ZXJzaW9uIjoiMSJ9",
          "dependencies": [
            "module.networking.aws_vpc.main"
          ]
        }
      ]
    },
    {
      "module": "module.networking",
      "mode": "managed",
      "type": "aws_subnet",
      "name": "public_b",
      "provider": "provider[\"registry.terraform.io/hashicorp/aws\"]",
      "instances": [
        {
          "schema_version": 1,
          "attributes": {
            "arn": "arn:aws:ec2:us-east-1:729763663166:subnet/subnet-0e6e371a57670ba62",
            "assign_ipv6_address_on_creation": false,
            "availability_zone": "us-east-1b",
            "availability_zone_id": "use1-az6",
            "cidr_block": "10.0.2.0/24",
            "customer_owned_ipv4_pool": "",
            "enable_dns64": false,
            "enable_lni_at_device_index": 0,
            "enable_resource_name_dns_a_record_on_launch": false,
            "enable_resource_name_dns_aaaa_record_on_launch": false,
            "id": "subnet-0e6e371a57670ba62",
            "ipv6_cidr_block": "",
            "ipv6_cidr_block_association_id": "",
            "ipv6_native": false,
            "map_customer_owned_ip_on_launch": false,
            "map_public_ip_on_launch": false,
            "outpost_arn": "",
            "owner_id": "729763663166",
            "private_dns_hostname_type_on_launch": "ip-name",
            "tags": {
              "Environment": "prod",
              "Name": "v2-api-prod-subnet-public-b",
              "Project": "v2-api"
            },
            "tags_all": {
              "Environment": "prod",
              "Name": "v2-api-prod-subnet-public-b",
              "Project": "v2-api"
            },
            "timeouts": null,
            "vpc_id": "vpc-0803934acd778118a"
          },
          "sensitive_attributes": [],
          "private": "eyJlMmJmYjczMC1lY2FhLTExZTYtOGY4OC0zNDM2M2JjN2M0YzAiOnsiY3JlYXRlIjo2MDAwMDAwMDAwMDAsImRlbGV0ZSI6MTIwMDAwMDAwMDAwMH0sInNjaGVtYV92ZXJzaW9uIjoiMSJ9",
          "dependencies": [
            "module.networking.aws_vpc.main"
          ]
        }
      ]
    },
    {
      "module": "module.networking",
      "mode": "managed",
      "type": "aws_vpc",
      "name": "main",
      "provider": "provider[\"registry.terraform.io/hashicorp/aws\"]",
      "instances": [
        {
          "schema_version": 1,
          "attributes": {
            "arn": "arn:aws:ec2:us-east-1:729763663166:vpc/vpc-0803934acd778118a",
            "assign_generated_ipv6_cidr_block": false,
            "cidr_block": "10.0.0.0/16",
            "default_network_acl_id": "acl-027e6b570cdd0f765",
            "default_route_table_id": "rtb-0ae060213d5d89dd6",
            "default_security_group_id": "sg-0286d06d23ddc0312",
            "dhcp_options_id": "dopt-09f66a8e645183d06",
            "enable_classiclink": false,
            "enable_classiclink_dns_support": false,
            "enable_dns_hostnames": true,
            "enable_dns_support": true,
            "enable_network_address_usage_metrics": false,
            "id": "vpc-0803934acd778118a",
            "instance_tenancy": "default",
            "ipv4_ipam_pool_id": null,
            "ipv4_netmask_length": null,
            "ipv6_association_id": "",
            "ipv6_cidr_block": "",
            "ipv6_cidr_block_network_border_group": "",
            "ipv6_ipam_pool_id": "",
            "ipv6_netmask_length": 0,
            "main_route_table_id": "rtb-0ae060213d5d89dd6",
            "owner_id": "729763663166",
            "tags": {
              "Environment": "prod",
              "Name": "v2-api-prod-vpc",
              "Project": "v2-api"
            },
            "tags_all": {
              "Environment": "prod",
              "Name": "v2-api-prod-vpc",
              "Project": "v2-api"
            }
          },
          "sensitive_attributes": [],
          "private": "eyJzY2hlbWFfdmVyc2lvbiI6IjEifQ=="
        }
      ]
    },
    {
      "module": "module.rds_postgres",
      "mode": "managed",
      "type": "aws_db_instance",
      "name": "postgres",
      "provider": "provider[\"registry.terraform.io/hashicorp/aws\"]",
      "instances": [
        {
          "schema_version": 1,
          "attributes": {
            "address": "v2-api-prod-db.ck3vi1ubbpax.us-east-1.rds.amazonaws.com",
            "allocated_storage": 20,
            "allow_major_version_upgrade": null,
            "apply_immediately": true,
            "arn": "arn:aws:rds:us-east-1:729763663166:db:v2-api-prod-db",
            "auto_minor_version_upgrade": true,
            "availability_zone": "us-east-1b",
            "backup_retention_period": 7,
            "backup_window": "05:00-06:00",
            "blue_green_update": [],
            "ca_cert_identifier": "rds-ca-2019",
            "character_set_name": "",
            "copy_tags_to_snapshot": false,
            "custom_iam_instance_profile": "",
            "customer_owned_ip_enabled": false,
            "db_name": "",
            "db_subnet_group_name": "init_db-subnet-group",
            "delete_automated_backups": true,
            "deletion_protection": false,
            "domain": "",
            "domain_iam_role_name": "",
            "enabled_cloudwatch_logs_exports": [],
            "endpoint": "v2-api-prod-db.ck3vi1ubbpax.us-east-1.rds.amazonaws.com:5432",
            "engine": "postgres",
            "engine_version": "13.10",
            "engine_version_actual": "13.10",
            "final_snapshot_identifier": "v2-api-prod-db-final-snapshot",
            "hosted_zone_id": "Z2R2ITUGPM61AM",
            "iam_database_authentication_enabled": false,
            "id": "v2-api-prod-db",
            "identifier": "v2-api-prod-db",
            "identifier_prefix": "",
            "instance_class": "db.t3.micro",
            "iops": 0,
            "kms_key_id": "",
            "latest_restorable_time": "2023-11-30T11:54:41Z",
            "license_model": "postgresql-license",
            "listener_endpoint": [],
            "maintenance_window": "sun:04:23-sun:04:53",
            "manage_master_user_password": null,
            "master_user_secret": [],
            "master_user_secret_kms_key_id": null,
            "max_allocated_storage": 0,
            "monitoring_interval": 0,
            "monitoring_role_arn": "",
            "multi_az": false,
            "name": "",
            "nchar_character_set_name": "",
            "network_type": "IPV4",
            "option_group_name": "default:postgres-13",
            "parameter_group_name": "default.postgres13",
            "password": "IADlWtdRpsdVkIdci5nc",
            "performance_insights_enabled": false,
            "performance_insights_kms_key_id": "",
            "performance_insights_retention_period": 0,
            "port": 5432,
            "publicly_accessible": true,
            "replica_mode": "",
            "replicas": [],
            "replicate_source_db": "",
            "resource_id": "db-VNWHVTLK5SU2LJKW7MTZJ4WN7Q",
            "restore_to_point_in_time": [],
            "s3_import": [],
            "security_group_names": [],
            "skip_final_snapshot": true,
            "snapshot_identifier": null,
            "status": "available",
            "storage_encrypted": false,
            "storage_throughput": 0,
            "storage_type": "gp2",
            "tags": {
              "Name": "init_db"
            },
            "tags_all": {
              "Name": "init_db"
            },
            "timeouts": null,
            "timezone": "",
            "username": "postgres",
            "vpc_security_group_ids": [
              "sg-0ffab5518418ae36b"
            ]
          },
          "sensitive_attributes": [],
          "private": "eyJlMmJmYjczMC1lY2FhLTExZTYtOGY4OC0zNDM2M2JjN2M0YzAiOnsiY3JlYXRlIjoyNDAwMDAwMDAwMDAwLCJkZWxldGUiOjM2MDAwMDAwMDAwMDAsInVwZGF0ZSI6NDgwMDAwMDAwMDAwMH0sInNjaGVtYV92ZXJzaW9uIjoiMSJ9",
          "dependencies": [
            "module.networking.aws_security_group.ecs_tasks",
            "module.networking.aws_subnet.public_a",
            "module.networking.aws_subnet.public_b",
            "module.networking.aws_vpc.main",
            "module.rds_postgres.aws_db_subnet_group.postgres"
          ]
        }
      ]
    },
    {
      "module": "module.rds_postgres",
      "mode": "managed",
      "type": "aws_db_subnet_group",
      "name": "postgres",
      "provider": "provider[\"registry.terraform.io/hashicorp/aws\"]",
      "instances": [
        {
          "schema_version": 0,
          "attributes": {
            "arn": "arn:aws:rds:us-east-1:729763663166:subgrp:init_db-subnet-group",
            "description": "Managed by Terraform",
            "id": "init_db-subnet-group",
            "name": "init_db-subnet-group",
            "name_prefix": "",
            "subnet_ids": [
              "subnet-050fd35f40337b6fa",
              "subnet-0e6e371a57670ba62"
            ],
            "supported_network_types": [
              "IPV4"
            ],
            "tags": {
              "Name": "init_db-subnet-group"
            },
            "tags_all": {
              "Name": "init_db-subnet-group"
            },
            "vpc_id": "vpc-0803934acd778118a"
          },
          "sensitive_attributes": [],
          "private": "bnVsbA==",
          "dependencies": [
            "module.networking.aws_subnet.public_a",
            "module.networking.aws_subnet.public_b",
            "module.networking.aws_vpc.main"
          ]
        }
      ]
    },
    {
      "module": "module.redis",
      "mode": "managed",
      "type": "aws_elasticache_cluster",
      "name": "redis",
      "provider": "provider[\"registry.terraform.io/hashicorp/aws\"]",
      "instances": [
        {
          "schema_version": 0,
          "attributes": {
            "apply_immediately": null,
            "arn": "arn:aws:elasticache:us-east-1:729763663166:cluster:v2-api-prod-redis",
            "auto_minor_version_upgrade": "true",
            "availability_zone": "us-east-1b",
            "az_mode": "single-az",
            "cache_nodes": [
              {
                "address": "v2-api-prod-redis.wja9yx.0001.use1.cache.amazonaws.com",
                "availability_zone": "us-east-1b",
                "id": "0001",
                "outpost_arn": "",
                "port": 6379
              }
            ],
            "cluster_address": null,
            "cluster_id": "v2-api-prod-redis",
            "configuration_endpoint": null,
            "engine": "redis",
            "engine_version": "6.x",
            "engine_version_actual": "6.2.6",
            "final_snapshot_identifier": null,
            "id": "v2-api-prod-redis",
            "ip_discovery": "ipv4",
            "log_delivery_configuration": [],
            "maintenance_window": "mon:05:00-mon:06:00",
            "network_type": "ipv4",
            "node_type": "cache.t2.micro",
            "notification_topic_arn": null,
            "num_cache_nodes": 1,
            "outpost_mode": null,
            "parameter_group_name": "default.redis6.x",
            "port": 6379,
            "preferred_availability_zones": null,
            "preferred_outpost_arn": "",
            "replication_group_id": "",
            "security_group_ids": [
              "sg-0ffab5518418ae36b"
            ],
            "security_group_names": [],
            "snapshot_arns": null,
            "snapshot_name": null,
            "snapshot_retention_limit": 0,
            "snapshot_window": "06:00-07:00",
            "subnet_group_name": "v2-api-prod-redis",
            "tags": {
              "Environment": "prod",
              "Project": "v2-api"
            },
            "tags_all": {
              "Environment": "prod",
              "Project": "v2-api"
            }
          },
          "sensitive_attributes": [],
          "private": "bnVsbA==",
          "dependencies": [
            "module.networking.aws_security_group.ecs_tasks",
            "module.networking.aws_subnet.public_a",
            "module.networking.aws_subnet.public_b",
            "module.networking.aws_vpc.main",
            "module.redis.aws_elasticache_subnet_group.redis"
          ]
        }
      ]
    },
    {
      "module": "module.redis",
      "mode": "managed",
      "type": "aws_elasticache_subnet_group",
      "name": "redis",
      "provider": "provider[\"registry.terraform.io/hashicorp/aws\"]",
      "instances": [
        {
          "schema_version": 0,
          "attributes": {
            "arn": "arn:aws:elasticache:us-east-1:729763663166:subnetgroup:v2-api-prod-redis",
            "description": "Managed by Terraform",
            "id": "v2-api-prod-redis",
            "name": "v2-api-prod-redis",
            "subnet_ids": [
              "subnet-050fd35f40337b6fa",
              "subnet-0e6e371a57670ba62"
            ],
            "tags": {
              "Environment": "prod",
              "Project": "v2-api"
            },
            "tags_all": {
              "Environment": "prod",
              "Project": "v2-api"
            }
          },
          "sensitive_attributes": [],
          "private": "bnVsbA==",
          "dependencies": [
            "module.networking.aws_subnet.public_a",
            "module.networking.aws_subnet.public_b",
            "module.networking.aws_vpc.main"
          ]
        }
      ]
    }
  ],
  "check_results": null
}
